
Microsoft Visual Studio Solution File, Format Version 12.00
# Visual Studio Version 17
VisualStudioVersion = 17.11.35312.102
MinimumVisualStudioVersion = 10.0.40219.1
Project("{FAE04EC0-301F-11D3-BF4B-00C04F79EFBC}") = "SmartAppointment", "SmartAppointment.csproj", "{23C2BEBE-16F2-4285-BCFA-E157D7EECF68}"
EndProject
Project("{FAE04EC0-301F-11D3-BF4B-00C04F79EFBC}") = "Databusiness", "..\SmarAppontmentBessunies\Databusiness\Databusiness.csproj", "{A3580452-8567-4F1C-A5C1-2F5F2872F5BB}"
EndProject
Project("{FAE04EC0-301F-11D3-BF4B-00C04F79EFBC}") = "SmartAppDatabasenes", "..\SmartAppDatabasenes\SmartAppDatabasenes.csproj", "{18CC23AB-0D30-4E5C-A0C3-1741114DDD07}"
EndProject
Global
	GlobalSection(SolutionConfigurationPlatforms) = preSolution
		Debug|Any CPU = Debug|Any CPU
		Release|Any CPU = Release|Any CPU
	EndGlobalSection
	GlobalSection(ProjectConfigurationPlatforms) = postSolution
		{23C2BEBE-16F2-4285-BCFA-E157D7EECF68}.Debug|Any CPU.ActiveCfg = Debug|Any CPU
		{23C2BEBE-16F2-4285-BCFA-E157D7EECF68}.Debug|Any CPU.Build.0 = Debug|Any CPU
		{23C2BEBE-16F2-4285-BCFA-E157D7EECF68}.Release|Any CPU.ActiveCfg = Release|Any CPU
		{23C2BEBE-16F2-4285-BCFA-E157D7EECF68}.Release|Any CPU.Build.0 = Release|Any CPU
		{A3580452-8567-4F1C-A5C1-2F5F2872F5BB}.Debug|Any CPU.ActiveCfg = Debug|Any CPU
		{A3580452-8567-4F1C-A5C1-2F5F2872F5BB}.Debug|Any CPU.Build.0 = Debug|Any CPU
		{A3580452-8567-4F1C-A5C1-2F5F2872F5BB}.Release|Any CPU.ActiveCfg = Release|Any CPU
		{A3580452-8567-4F1C-A5C1-2F5F2872F5BB}.Release|Any CPU.Build.0 = Release|Any CPU
		{18CC23AB-0D30-4E5C-A0C3-1741114DDD07}.Debug|Any CPU.ActiveCfg = Debug|Any CPU
		{18CC23AB-0D30-4E5C-A0C3-1741114DDD07}.Debug|Any CPU.Build.0 = Debug|Any CPU
		{18CC23AB-0D30-4E5C-A0C3-1741114DDD07}.Release|Any CPU.ActiveCfg = Release|Any CPU
		{18CC23AB-0D30-4E5C-A0C3-1741114DDD07}.Release|Any CPU.Build.0 = Release|Any CPU
	EndGlobalSection
	GlobalSection(SolutionProperties) = preSolution
		HideSolutionNode = FALSE
	EndGlobalSection
	GlobalSection(ExtensibilityGlobals) = postSolution
		SolutionGuid = {CDC55183-ED3E-47DF-A0FC-49B95022E1B3}
	EndGlobalSection
EndGlobal
